
Microsoft Visual Studio Solution File, Format Version 12.00
# Visual Studio 2012
Project("{FAE04EC0-301F-11D3-BF4B-00C04F79EFBC}") = "FourthFnB.iOS", "FourthFnB\FourthFnB.iOS\FourthFnB.iOS.csproj", "{8B93A527-80B2-491F-B71A-771938BE3744}"
EndProject
Project("{FAE04EC0-301F-11D3-BF4B-00C04F79EFBC}") = "FourthFnB.Droid", "FourthFnB\FourthFnB.Droid\FourthFnB.Droid.csproj", "{5EB7EDAE-8497-4A3F-8F83-1BBD35DC4E9B}"
EndProject
Project("{FAE04EC0-301F-11D3-BF4B-00C04F79EFBC}") = "DataAccess", "DataAccess\DataAccess.csproj", "{67F9D3A8-F71E-4428-913F-C37AE82CDB24}"
EndProject
Project("{FAE04EC0-301F-11D3-BF4B-00C04F79EFBC}") = "FnBModelWebAPI", "FnBModelWebAPI\FnBModelWebAPI.csproj", "{1AE3088A-D663-4DF5-B06F-9016A6CC11CB}"
EndProject
Project("{FAE04EC0-301F-11D3-BF4B-00C04F79EFBC}") = "FourthFnB", "FourthFnB\FourthFnB\FourthFnB.csproj", "{0947A273-2F16-48C7-83D9-271F4EF9AB6B}"
EndProject
Project("{FAE04EC0-301F-11D3-BF4B-00C04F79EFBC}") = "DomainObject", "DomainObject\DomainObject.csproj", "{54F2EFA4-CFB3-4EAA-8D2B-72C2A5299900}"
EndProject
Project("{FAE04EC0-301F-11D3-BF4B-00C04F79EFBC}") = "IoC", "IoC\IoC.csproj", "{C7B6BBCE-B150-4255-A753-0570411EF6E5}"
EndProject
Project("{FAE04EC0-301F-11D3-BF4B-00C04F79EFBC}") = "DomainInterface", "DomainInterface\DomainInterface.csproj", "{8895C060-5A16-4DCE-8838-F90E2D71A49F}"
EndProject
Project("{FAE04EC0-301F-11D3-BF4B-00C04F79EFBC}") = "DomainConstant", "DomainConstant\DomainConstant.csproj", "{C4BC4107-BC0D-4CE0-8638-766F52F82DE8}"
EndProject
Project("{FAE04EC0-301F-11D3-BF4B-00C04F79EFBC}") = "DataGrid.Core", "..\DrawnDataGridFramework-master\DataGrid.Core\DataGrid.Core.csproj", "{5736C03A-5385-4596-A33F-6437DF5F2428}"
EndProject
Project("{FAE04EC0-301F-11D3-BF4B-00C04F79EFBC}") = "DataGrid.CrossGraphics", "..\DrawnDataGridFramework-master\DataGrid.CrossGraphics\DataGrid.CrossGraphics.csproj", "{0213E153-9FCD-4C24-9B44-F41E61D4AB8D}"
EndProject
Project("{FAE04EC0-301F-11D3-BF4B-00C04F79EFBC}") = "DataGrid.XF", "..\DrawnDataGridFramework-master\DataGrid.XF\DataGrid.XF.csproj", "{136A26E9-4EB9-4399-9379-E06AD94B537B}"
EndProject
Project("{2150E333-8FDC-42A3-9474-1A3956D46DE8}") = ".nuget", ".nuget", "{B8DDAA83-1735-4AC8-A32D-C823B22B9218}"
	ProjectSection(SolutionItems) = preProject
		.nuget\NuGet.Config = .nuget\NuGet.Config
		.nuget\NuGet.exe = .nuget\NuGet.exe
		.nuget\NuGet.targets = .nuget\NuGet.targets
	EndProjectSection
EndProject
Project("{FAE04EC0-301F-11D3-BF4B-00C04F79EFBC}") = "DataGrid.SQLite", "..\DrawnDataGridFramework-master\DataGrid.SQLite\DataGrid.SQLite.csproj", "{9DA04D62-1A9D-4E99-9B48-5DAFEE1B4B22}"
EndProject
Global
	GlobalSection(SolutionConfigurationPlatforms) = preSolution
		Ad-Hoc|Any CPU = Ad-Hoc|Any CPU
		Ad-Hoc|iPhone = Ad-Hoc|iPhone
		Ad-Hoc|iPhoneSimulator = Ad-Hoc|iPhoneSimulator
		Ad-Hoc|Mixed Platforms = Ad-Hoc|Mixed Platforms
		AppStore|Any CPU = AppStore|Any CPU
		AppStore|iPhone = AppStore|iPhone
		AppStore|iPhoneSimulator = AppStore|iPhoneSimulator
		AppStore|Mixed Platforms = AppStore|Mixed Platforms
		Debug|Any CPU = Debug|Any CPU
		Debug|iPhone = Debug|iPhone
		Debug|iPhoneSimulator = Debug|iPhoneSimulator
		Debug|Mixed Platforms = Debug|Mixed Platforms
		Release|Any CPU = Release|Any CPU
		Release|iPhone = Release|iPhone
		Release|iPhoneSimulator = Release|iPhoneSimulator
		Release|Mixed Platforms = Release|Mixed Platforms
	EndGlobalSection
	GlobalSection(ProjectConfigurationPlatforms) = postSolution
		{8B93A527-80B2-491F-B71A-771938BE3744}.Ad-Hoc|Any CPU.ActiveCfg = Ad-Hoc|iPhone
		{8B93A527-80B2-491F-B71A-771938BE3744}.Ad-Hoc|iPhone.ActiveCfg = Ad-Hoc|iPhone
		{8B93A527-80B2-491F-B71A-771938BE3744}.Ad-Hoc|iPhone.Build.0 = Ad-Hoc|iPhone
		{8B93A527-80B2-491F-B71A-771938BE3744}.Ad-Hoc|iPhoneSimulator.ActiveCfg = Ad-Hoc|iPhoneSimulator
		{8B93A527-80B2-491F-B71A-771938BE3744}.Ad-Hoc|iPhoneSimulator.Build.0 = Ad-Hoc|iPhoneSimulator
		{8B93A527-80B2-491F-B71A-771938BE3744}.Ad-Hoc|Mixed Platforms.ActiveCfg = Ad-Hoc|iPhone
		{8B93A527-80B2-491F-B71A-771938BE3744}.Ad-Hoc|Mixed Platforms.Build.0 = Ad-Hoc|iPhone
		{8B93A527-80B2-491F-B71A-771938BE3744}.AppStore|Any CPU.ActiveCfg = AppStore|iPhone
		{8B93A527-80B2-491F-B71A-771938BE3744}.AppStore|iPhone.ActiveCfg = AppStore|iPhone
		{8B93A527-80B2-491F-B71A-771938BE3744}.AppStore|iPhone.Build.0 = AppStore|iPhone
		{8B93A527-80B2-491F-B71A-771938BE3744}.AppStore|iPhoneSimulator.ActiveCfg = AppStore|iPhoneSimulator
		{8B93A527-80B2-491F-B71A-771938BE3744}.AppStore|iPhoneSimulator.Build.0 = AppStore|iPhoneSimulator
		{8B93A527-80B2-491F-B71A-771938BE3744}.AppStore|Mixed Platforms.ActiveCfg = AppStore|iPhone
		{8B93A527-80B2-491F-B71A-771938BE3744}.AppStore|Mixed Platforms.Build.0 = AppStore|iPhone
		{8B93A527-80B2-491F-B71A-771938BE3744}.Debug|Any CPU.ActiveCfg = Debug|iPhone
		{8B93A527-80B2-491F-B71A-771938BE3744}.Debug|iPhone.ActiveCfg = Debug|iPhone
		{8B93A527-80B2-491F-B71A-771938BE3744}.Debug|iPhone.Build.0 = Debug|iPhone
		{8B93A527-80B2-491F-B71A-771938BE3744}.Debug|iPhoneSimulator.ActiveCfg = Debug|iPhoneSimulator
		{8B93A527-80B2-491F-B71A-771938BE3744}.Debug|iPhoneSimulator.Build.0 = Debug|iPhoneSimulator
		{8B93A527-80B2-491F-B71A-771938BE3744}.Debug|Mixed Platforms.ActiveCfg = Debug|iPhone
		{8B93A527-80B2-491F-B71A-771938BE3744}.Debug|Mixed Platforms.Build.0 = Debug|iPhone
		{8B93A527-80B2-491F-B71A-771938BE3744}.Release|Any CPU.ActiveCfg = Release|iPhone
		{8B93A527-80B2-491F-B71A-771938BE3744}.Release|iPhone.ActiveCfg = Release|iPhone
		{8B93A527-80B2-491F-B71A-771938BE3744}.Release|iPhone.Build.0 = Release|iPhone
		{8B93A527-80B2-491F-B71A-771938BE3744}.Release|iPhoneSimulator.ActiveCfg = Release|iPhoneSimulator
		{8B93A527-80B2-491F-B71A-771938BE3744}.Release|iPhoneSimulator.Build.0 = Release|iPhoneSimulator
		{8B93A527-80B2-491F-B71A-771938BE3744}.Release|Mixed Platforms.ActiveCfg = Release|iPhone
		{8B93A527-80B2-491F-B71A-771938BE3744}.Release|Mixed Platforms.Build.0 = Release|iPhone
		{5EB7EDAE-8497-4A3F-8F83-1BBD35DC4E9B}.Ad-Hoc|Any CPU.ActiveCfg = Release|Any CPU
		{5EB7EDAE-8497-4A3F-8F83-1BBD35DC4E9B}.Ad-Hoc|Any CPU.Build.0 = Release|Any CPU
		{5EB7EDAE-8497-4A3F-8F83-1BBD35DC4E9B}.Ad-Hoc|Any CPU.Deploy.0 = Release|Any CPU
		{5EB7EDAE-8497-4A3F-8F83-1BBD35DC4E9B}.Ad-Hoc|iPhone.ActiveCfg = Release|Any CPU
		{5EB7EDAE-8497-4A3F-8F83-1BBD35DC4E9B}.Ad-Hoc|iPhoneSimulator.ActiveCfg = Release|Any CPU
		{5EB7EDAE-8497-4A3F-8F83-1BBD35DC4E9B}.Ad-Hoc|Mixed Platforms.ActiveCfg = Release|Any CPU
		{5EB7EDAE-8497-4A3F-8F83-1BBD35DC4E9B}.Ad-Hoc|Mixed Platforms.Build.0 = Release|Any CPU
		{5EB7EDAE-8497-4A3F-8F83-1BBD35DC4E9B}.Ad-Hoc|Mixed Platforms.Deploy.0 = Release|Any CPU
		{5EB7EDAE-8497-4A3F-8F83-1BBD35DC4E9B}.AppStore|Any CPU.ActiveCfg = Release|Any CPU
		{5EB7EDAE-8497-4A3F-8F83-1BBD35DC4E9B}.AppStore|Any CPU.Build.0 = Release|Any CPU
		{5EB7EDAE-8497-4A3F-8F83-1BBD35DC4E9B}.AppStore|Any CPU.Deploy.0 = Release|Any CPU
		{5EB7EDAE-8497-4A3F-8F83-1BBD35DC4E9B}.AppStore|iPhone.ActiveCfg = Release|Any CPU
		{5EB7EDAE-8497-4A3F-8F83-1BBD35DC4E9B}.AppStore|iPhoneSimulator.ActiveCfg = Release|Any CPU
		{5EB7EDAE-8497-4A3F-8F83-1BBD35DC4E9B}.AppStore|Mixed Platforms.ActiveCfg = Release|Any CPU
		{5EB7EDAE-8497-4A3F-8F83-1BBD35DC4E9B}.AppStore|Mixed Platforms.Build.0 = Release|Any CPU
		{5EB7EDAE-8497-4A3F-8F83-1BBD35DC4E9B}.AppStore|Mixed Platforms.Deploy.0 = Release|Any CPU
		{5EB7EDAE-8497-4A3F-8F83-1BBD35DC4E9B}.Debug|Any CPU.ActiveCfg = Debug|Any CPU
		{5EB7EDAE-8497-4A3F-8F83-1BBD35DC4E9B}.Debug|Any CPU.Build.0 = Debug|Any CPU
		{5EB7EDAE-8497-4A3F-8F83-1BBD35DC4E9B}.Debug|Any CPU.Deploy.0 = Debug|Any CPU
		{5EB7EDAE-8497-4A3F-8F83-1BBD35DC4E9B}.Debug|iPhone.ActiveCfg = Debug|Any CPU
		{5EB7EDAE-8497-4A3F-8F83-1BBD35DC4E9B}.Debug|iPhoneSimulator.ActiveCfg = Debug|Any CPU
		{5EB7EDAE-8497-4A3F-8F83-1BBD35DC4E9B}.Debug|Mixed Platforms.ActiveCfg = Debug|Any CPU
		{5EB7EDAE-8497-4A3F-8F83-1BBD35DC4E9B}.Debug|Mixed Platforms.Build.0 = Debug|Any CPU
		{5EB7EDAE-8497-4A3F-8F83-1BBD35DC4E9B}.Debug|Mixed Platforms.Deploy.0 = Debug|Any CPU
		{5EB7EDAE-8497-4A3F-8F83-1BBD35DC4E9B}.Release|Any CPU.ActiveCfg = Release|Any CPU
		{5EB7EDAE-8497-4A3F-8F83-1BBD35DC4E9B}.Release|Any CPU.Build.0 = Release|Any CPU
		{5EB7EDAE-8497-4A3F-8F83-1BBD35DC4E9B}.Release|Any CPU.Deploy.0 = Release|Any CPU
		{5EB7EDAE-8497-4A3F-8F83-1BBD35DC4E9B}.Release|iPhone.ActiveCfg = Release|Any CPU
		{5EB7EDAE-8497-4A3F-8F83-1BBD35DC4E9B}.Release|iPhoneSimulator.ActiveCfg = Release|Any CPU
		{5EB7EDAE-8497-4A3F-8F83-1BBD35DC4E9B}.Release|Mixed Platforms.ActiveCfg = Release|Any CPU
		{5EB7EDAE-8497-4A3F-8F83-1BBD35DC4E9B}.Release|Mixed Platforms.Build.0 = Release|Any CPU
		{5EB7EDAE-8497-4A3F-8F83-1BBD35DC4E9B}.Release|Mixed Platforms.Deploy.0 = Release|Any CPU
		{67F9D3A8-F71E-4428-913F-C37AE82CDB24}.Ad-Hoc|Any CPU.ActiveCfg = Release|Any CPU
		{67F9D3A8-F71E-4428-913F-C37AE82CDB24}.Ad-Hoc|Any CPU.Build.0 = Release|Any CPU
		{67F9D3A8-F71E-4428-913F-C37AE82CDB24}.Ad-Hoc|iPhone.ActiveCfg = Release|Any CPU
		{67F9D3A8-F71E-4428-913F-C37AE82CDB24}.Ad-Hoc|iPhoneSimulator.ActiveCfg = Release|Any CPU
		{67F9D3A8-F71E-4428-913F-C37AE82CDB24}.Ad-Hoc|Mixed Platforms.ActiveCfg = Release|Any CPU
		{67F9D3A8-F71E-4428-913F-C37AE82CDB24}.Ad-Hoc|Mixed Platforms.Build.0 = Release|Any CPU
		{67F9D3A8-F71E-4428-913F-C37AE82CDB24}.AppStore|Any CPU.ActiveCfg = Release|Any CPU
		{67F9D3A8-F71E-4428-913F-C37AE82CDB24}.AppStore|Any CPU.Build.0 = Release|Any CPU
		{67F9D3A8-F71E-4428-913F-C37AE82CDB24}.AppStore|iPhone.ActiveCfg = Release|Any CPU
		{67F9D3A8-F71E-4428-913F-C37AE82CDB24}.AppStore|iPhoneSimulator.ActiveCfg = Release|Any CPU
		{67F9D3A8-F71E-4428-913F-C37AE82CDB24}.AppStore|Mixed Platforms.ActiveCfg = Release|Any CPU
		{67F9D3A8-F71E-4428-913F-C37AE82CDB24}.AppStore|Mixed Platforms.Build.0 = Release|Any CPU
		{67F9D3A8-F71E-4428-913F-C37AE82CDB24}.Debug|Any CPU.ActiveCfg = Debug|Any CPU
		{67F9D3A8-F71E-4428-913F-C37AE82CDB24}.Debug|Any CPU.Build.0 = Debug|Any CPU
		{67F9D3A8-F71E-4428-913F-C37AE82CDB24}.Debug|iPhone.ActiveCfg = Debug|Any CPU
		{67F9D3A8-F71E-4428-913F-C37AE82CDB24}.Debug|iPhoneSimulator.ActiveCfg = Debug|Any CPU
		{67F9D3A8-F71E-4428-913F-C37AE82CDB24}.Debug|Mixed Platforms.ActiveCfg = Debug|Any CPU
		{67F9D3A8-F71E-4428-913F-C37AE82CDB24}.Debug|Mixed Platforms.Build.0 = Debug|Any CPU
		{67F9D3A8-F71E-4428-913F-C37AE82CDB24}.Release|Any CPU.ActiveCfg = Release|Any CPU
		{67F9D3A8-F71E-4428-913F-C37AE82CDB24}.Release|Any CPU.Build.0 = Release|Any CPU
		{67F9D3A8-F71E-4428-913F-C37AE82CDB24}.Release|iPhone.ActiveCfg = Release|Any CPU
		{67F9D3A8-F71E-4428-913F-C37AE82CDB24}.Release|iPhoneSimulator.ActiveCfg = Release|Any CPU
		{67F9D3A8-F71E-4428-913F-C37AE82CDB24}.Release|Mixed Platforms.ActiveCfg = Release|Any CPU
		{67F9D3A8-F71E-4428-913F-C37AE82CDB24}.Release|Mixed Platforms.Build.0 = Release|Any CPU
		{1AE3088A-D663-4DF5-B06F-9016A6CC11CB}.Ad-Hoc|Any CPU.ActiveCfg = Release|Any CPU
		{1AE3088A-D663-4DF5-B06F-9016A6CC11CB}.Ad-Hoc|Any CPU.Build.0 = Release|Any CPU
		{1AE3088A-D663-4DF5-B06F-9016A6CC11CB}.Ad-Hoc|iPhone.ActiveCfg = Release|Any CPU
		{1AE3088A-D663-4DF5-B06F-9016A6CC11CB}.Ad-Hoc|iPhoneSimulator.ActiveCfg = Release|Any CPU
		{1AE3088A-D663-4DF5-B06F-9016A6CC11CB}.Ad-Hoc|Mixed Platforms.ActiveCfg = Release|Any CPU
		{1AE3088A-D663-4DF5-B06F-9016A6CC11CB}.Ad-Hoc|Mixed Platforms.Build.0 = Release|Any CPU
		{1AE3088A-D663-4DF5-B06F-9016A6CC11CB}.AppStore|Any CPU.ActiveCfg = Release|Any CPU
		{1AE3088A-D663-4DF5-B06F-9016A6CC11CB}.AppStore|Any CPU.Build.0 = Release|Any CPU
		{1AE3088A-D663-4DF5-B06F-9016A6CC11CB}.AppStore|iPhone.ActiveCfg = Release|Any CPU
		{1AE3088A-D663-4DF5-B06F-9016A6CC11CB}.AppStore|iPhoneSimulator.ActiveCfg = Release|Any CPU
		{1AE3088A-D663-4DF5-B06F-9016A6CC11CB}.AppStore|Mixed Platforms.ActiveCfg = Release|Any CPU
		{1AE3088A-D663-4DF5-B06F-9016A6CC11CB}.AppStore|Mixed Platforms.Build.0 = Release|Any CPU
		{1AE3088A-D663-4DF5-B06F-9016A6CC11CB}.Debug|Any CPU.ActiveCfg = Debug|Any CPU
		{1AE3088A-D663-4DF5-B06F-9016A6CC11CB}.Debug|Any CPU.Build.0 = Debug|Any CPU
		{1AE3088A-D663-4DF5-B06F-9016A6CC11CB}.Debug|iPhone.ActiveCfg = Debug|Any CPU
		{1AE3088A-D663-4DF5-B06F-9016A6CC11CB}.Debug|iPhoneSimulator.ActiveCfg = Debug|Any CPU
		{1AE3088A-D663-4DF5-B06F-9016A6CC11CB}.Debug|Mixed Platforms.ActiveCfg = Debug|Any CPU
		{1AE3088A-D663-4DF5-B06F-9016A6CC11CB}.Debug|Mixed Platforms.Build.0 = Debug|Any CPU
		{1AE3088A-D663-4DF5-B06F-9016A6CC11CB}.Release|Any CPU.ActiveCfg = Release|Any CPU
		{1AE3088A-D663-4DF5-B06F-9016A6CC11CB}.Release|Any CPU.Build.0 = Release|Any CPU
		{1AE3088A-D663-4DF5-B06F-9016A6CC11CB}.Release|iPhone.ActiveCfg = Release|Any CPU
		{1AE3088A-D663-4DF5-B06F-9016A6CC11CB}.Release|iPhoneSimulator.ActiveCfg = Release|Any CPU
		{1AE3088A-D663-4DF5-B06F-9016A6CC11CB}.Release|Mixed Platforms.ActiveCfg = Release|Any CPU
		{1AE3088A-D663-4DF5-B06F-9016A6CC11CB}.Release|Mixed Platforms.Build.0 = Release|Any CPU
		{0947A273-2F16-48C7-83D9-271F4EF9AB6B}.Ad-Hoc|Any CPU.ActiveCfg = Release|Any CPU
		{0947A273-2F16-48C7-83D9-271F4EF9AB6B}.Ad-Hoc|Any CPU.Build.0 = Release|Any CPU
		{0947A273-2F16-48C7-83D9-271F4EF9AB6B}.Ad-Hoc|iPhone.ActiveCfg = Release|Any CPU
		{0947A273-2F16-48C7-83D9-271F4EF9AB6B}.Ad-Hoc|iPhoneSimulator.ActiveCfg = Release|Any CPU
		{0947A273-2F16-48C7-83D9-271F4EF9AB6B}.Ad-Hoc|Mixed Platforms.ActiveCfg = Release|Any CPU
		{0947A273-2F16-48C7-83D9-271F4EF9AB6B}.Ad-Hoc|Mixed Platforms.Build.0 = Release|Any CPU
		{0947A273-2F16-48C7-83D9-271F4EF9AB6B}.AppStore|Any CPU.ActiveCfg = Release|Any CPU
		{0947A273-2F16-48C7-83D9-271F4EF9AB6B}.AppStore|Any CPU.Build.0 = Release|Any CPU
		{0947A273-2F16-48C7-83D9-271F4EF9AB6B}.AppStore|iPhone.ActiveCfg = Release|Any CPU
		{0947A273-2F16-48C7-83D9-271F4EF9AB6B}.AppStore|iPhoneSimulator.ActiveCfg = Release|Any CPU
		{0947A273-2F16-48C7-83D9-271F4EF9AB6B}.AppStore|Mixed Platforms.ActiveCfg = Release|Any CPU
		{0947A273-2F16-48C7-83D9-271F4EF9AB6B}.AppStore|Mixed Platforms.Build.0 = Release|Any CPU
		{0947A273-2F16-48C7-83D9-271F4EF9AB6B}.Debug|Any CPU.ActiveCfg = Debug|Any CPU
		{0947A273-2F16-48C7-83D9-271F4EF9AB6B}.Debug|Any CPU.Build.0 = Debug|Any CPU
		{0947A273-2F16-48C7-83D9-271F4EF9AB6B}.Debug|iPhone.ActiveCfg = Debug|Any CPU
		{0947A273-2F16-48C7-83D9-271F4EF9AB6B}.Debug|iPhoneSimulator.ActiveCfg = Debug|Any CPU
		{0947A273-2F16-48C7-83D9-271F4EF9AB6B}.Debug|Mixed Platforms.ActiveCfg = Debug|Any CPU
		{0947A273-2F16-48C7-83D9-271F4EF9AB6B}.Debug|Mixed Platforms.Build.0 = Debug|Any CPU
		{0947A273-2F16-48C7-83D9-271F4EF9AB6B}.Release|Any CPU.ActiveCfg = Release|Any CPU
		{0947A273-2F16-48C7-83D9-271F4EF9AB6B}.Release|Any CPU.Build.0 = Release|Any CPU
		{0947A273-2F16-48C7-83D9-271F4EF9AB6B}.Release|iPhone.ActiveCfg = Release|Any CPU
		{0947A273-2F16-48C7-83D9-271F4EF9AB6B}.Release|iPhoneSimulator.ActiveCfg = Release|Any CPU
		{0947A273-2F16-48C7-83D9-271F4EF9AB6B}.Release|Mixed Platforms.ActiveCfg = Release|Any CPU
		{0947A273-2F16-48C7-83D9-271F4EF9AB6B}.Release|Mixed Platforms.Build.0 = Release|Any CPU
		{54F2EFA4-CFB3-4EAA-8D2B-72C2A5299900}.Ad-Hoc|Any CPU.ActiveCfg = Release|Any CPU
		{54F2EFA4-CFB3-4EAA-8D2B-72C2A5299900}.Ad-Hoc|Any CPU.Build.0 = Release|Any CPU
		{54F2EFA4-CFB3-4EAA-8D2B-72C2A5299900}.Ad-Hoc|iPhone.ActiveCfg = Release|Any CPU
		{54F2EFA4-CFB3-4EAA-8D2B-72C2A5299900}.Ad-Hoc|iPhoneSimulator.ActiveCfg = Release|Any CPU
		{54F2EFA4-CFB3-4EAA-8D2B-72C2A5299900}.Ad-Hoc|Mixed Platforms.ActiveCfg = Release|Any CPU
		{54F2EFA4-CFB3-4EAA-8D2B-72C2A5299900}.Ad-Hoc|Mixed Platforms.Build.0 = Release|Any CPU
		{54F2EFA4-CFB3-4EAA-8D2B-72C2A5299900}.AppStore|Any CPU.ActiveCfg = Release|Any CPU
		{54F2EFA4-CFB3-4EAA-8D2B-72C2A5299900}.AppStore|Any CPU.Build.0 = Release|Any CPU
		{54F2EFA4-CFB3-4EAA-8D2B-72C2A5299900}.AppStore|iPhone.ActiveCfg = Release|Any CPU
		{54F2EFA4-CFB3-4EAA-8D2B-72C2A5299900}.AppStore|iPhoneSimulator.ActiveCfg = Release|Any CPU
		{54F2EFA4-CFB3-4EAA-8D2B-72C2A5299900}.AppStore|Mixed Platforms.ActiveCfg = Release|Any CPU
		{54F2EFA4-CFB3-4EAA-8D2B-72C2A5299900}.AppStore|Mixed Platforms.Build.0 = Release|Any CPU
		{54F2EFA4-CFB3-4EAA-8D2B-72C2A5299900}.Debug|Any CPU.ActiveCfg = Debug|Any CPU
		{54F2EFA4-CFB3-4EAA-8D2B-72C2A5299900}.Debug|Any CPU.Build.0 = Debug|Any CPU
		{54F2EFA4-CFB3-4EAA-8D2B-72C2A5299900}.Debug|iPhone.ActiveCfg = Debug|Any CPU
		{54F2EFA4-CFB3-4EAA-8D2B-72C2A5299900}.Debug|iPhoneSimulator.ActiveCfg = Debug|Any CPU
		{54F2EFA4-CFB3-4EAA-8D2B-72C2A5299900}.Debug|Mixed Platforms.ActiveCfg = Debug|Any CPU
		{54F2EFA4-CFB3-4EAA-8D2B-72C2A5299900}.Debug|Mixed Platforms.Build.0 = Debug|Any CPU
		{54F2EFA4-CFB3-4EAA-8D2B-72C2A5299900}.Release|Any CPU.ActiveCfg = Release|Any CPU
		{54F2EFA4-CFB3-4EAA-8D2B-72C2A5299900}.Release|Any CPU.Build.0 = Release|Any CPU
		{54F2EFA4-CFB3-4EAA-8D2B-72C2A5299900}.Release|iPhone.ActiveCfg = Release|Any CPU
		{54F2EFA4-CFB3-4EAA-8D2B-72C2A5299900}.Release|iPhoneSimulator.ActiveCfg = Release|Any CPU
		{54F2EFA4-CFB3-4EAA-8D2B-72C2A5299900}.Release|Mixed Platforms.ActiveCfg = Release|Any CPU
		{54F2EFA4-CFB3-4EAA-8D2B-72C2A5299900}.Release|Mixed Platforms.Build.0 = Release|Any CPU
		{C7B6BBCE-B150-4255-A753-0570411EF6E5}.Ad-Hoc|Any CPU.ActiveCfg = Release|Any CPU
		{C7B6BBCE-B150-4255-A753-0570411EF6E5}.Ad-Hoc|Any CPU.Build.0 = Release|Any CPU
		{C7B6BBCE-B150-4255-A753-0570411EF6E5}.Ad-Hoc|iPhone.ActiveCfg = Release|Any CPU
		{C7B6BBCE-B150-4255-A753-0570411EF6E5}.Ad-Hoc|iPhoneSimulator.ActiveCfg = Release|Any CPU
		{C7B6BBCE-B150-4255-A753-0570411EF6E5}.Ad-Hoc|Mixed Platforms.ActiveCfg = Release|Any CPU
		{C7B6BBCE-B150-4255-A753-0570411EF6E5}.Ad-Hoc|Mixed Platforms.Build.0 = Release|Any CPU
		{C7B6BBCE-B150-4255-A753-0570411EF6E5}.AppStore|Any CPU.ActiveCfg = Release|Any CPU
		{C7B6BBCE-B150-4255-A753-0570411EF6E5}.AppStore|Any CPU.Build.0 = Release|Any CPU
		{C7B6BBCE-B150-4255-A753-0570411EF6E5}.AppStore|iPhone.ActiveCfg = Release|Any CPU
		{C7B6BBCE-B150-4255-A753-0570411EF6E5}.AppStore|iPhoneSimulator.ActiveCfg = Release|Any CPU
		{C7B6BBCE-B150-4255-A753-0570411EF6E5}.AppStore|Mixed Platforms.ActiveCfg = Release|Any CPU
		{C7B6BBCE-B150-4255-A753-0570411EF6E5}.AppStore|Mixed Platforms.Build.0 = Release|Any CPU
		{C7B6BBCE-B150-4255-A753-0570411EF6E5}.Debug|Any CPU.ActiveCfg = Debug|Any CPU
		{C7B6BBCE-B150-4255-A753-0570411EF6E5}.Debug|Any CPU.Build.0 = Debug|Any CPU
		{C7B6BBCE-B150-4255-A753-0570411EF6E5}.Debug|iPhone.ActiveCfg = Debug|Any CPU
		{C7B6BBCE-B150-4255-A753-0570411EF6E5}.Debug|iPhoneSimulator.ActiveCfg = Debug|Any CPU
		{C7B6BBCE-B150-4255-A753-0570411EF6E5}.Debug|Mixed Platforms.ActiveCfg = Debug|Any CPU
		{C7B6BBCE-B150-4255-A753-0570411EF6E5}.Debug|Mixed Platforms.Build.0 = Debug|Any CPU
		{C7B6BBCE-B150-4255-A753-0570411EF6E5}.Release|Any CPU.ActiveCfg = Release|Any CPU
		{C7B6BBCE-B150-4255-A753-0570411EF6E5}.Release|Any CPU.Build.0 = Release|Any CPU
		{C7B6BBCE-B150-4255-A753-0570411EF6E5}.Release|iPhone.ActiveCfg = Release|Any CPU
		{C7B6BBCE-B150-4255-A753-0570411EF6E5}.Release|iPhoneSimulator.ActiveCfg = Release|Any CPU
		{C7B6BBCE-B150-4255-A753-0570411EF6E5}.Release|Mixed Platforms.ActiveCfg = Release|Any CPU
		{C7B6BBCE-B150-4255-A753-0570411EF6E5}.Release|Mixed Platforms.Build.0 = Release|Any CPU
		{8895C060-5A16-4DCE-8838-F90E2D71A49F}.Ad-Hoc|Any CPU.ActiveCfg = Release|Any CPU
		{8895C060-5A16-4DCE-8838-F90E2D71A49F}.Ad-Hoc|Any CPU.Build.0 = Release|Any CPU
		{8895C060-5A16-4DCE-8838-F90E2D71A49F}.Ad-Hoc|iPhone.ActiveCfg = Release|Any CPU
		{8895C060-5A16-4DCE-8838-F90E2D71A49F}.Ad-Hoc|iPhoneSimulator.ActiveCfg = Release|Any CPU
		{8895C060-5A16-4DCE-8838-F90E2D71A49F}.Ad-Hoc|Mixed Platforms.ActiveCfg = Release|Any CPU
		{8895C060-5A16-4DCE-8838-F90E2D71A49F}.Ad-Hoc|Mixed Platforms.Build.0 = Release|Any CPU
		{8895C060-5A16-4DCE-8838-F90E2D71A49F}.AppStore|Any CPU.ActiveCfg = Release|Any CPU
		{8895C060-5A16-4DCE-8838-F90E2D71A49F}.AppStore|Any CPU.Build.0 = Release|Any CPU
		{8895C060-5A16-4DCE-8838-F90E2D71A49F}.AppStore|iPhone.ActiveCfg = Release|Any CPU
		{8895C060-5A16-4DCE-8838-F90E2D71A49F}.AppStore|iPhoneSimulator.ActiveCfg = Release|Any CPU
		{8895C060-5A16-4DCE-8838-F90E2D71A49F}.AppStore|Mixed Platforms.ActiveCfg = Release|Any CPU
		{8895C060-5A16-4DCE-8838-F90E2D71A49F}.AppStore|Mixed Platforms.Build.0 = Release|Any CPU
		{8895C060-5A16-4DCE-8838-F90E2D71A49F}.Debug|Any CPU.ActiveCfg = Debug|Any CPU
		{8895C060-5A16-4DCE-8838-F90E2D71A49F}.Debug|Any CPU.Build.0 = Debug|Any CPU
		{8895C060-5A16-4DCE-8838-F90E2D71A49F}.Debug|iPhone.ActiveCfg = Debug|Any CPU
		{8895C060-5A16-4DCE-8838-F90E2D71A49F}.Debug|iPhoneSimulator.ActiveCfg = Debug|Any CPU
		{8895C060-5A16-4DCE-8838-F90E2D71A49F}.Debug|Mixed Platforms.ActiveCfg = Debug|Any CPU
		{8895C060-5A16-4DCE-8838-F90E2D71A49F}.Debug|Mixed Platforms.Build.0 = Debug|Any CPU
		{8895C060-5A16-4DCE-8838-F90E2D71A49F}.Release|Any CPU.ActiveCfg = Release|Any CPU
		{8895C060-5A16-4DCE-8838-F90E2D71A49F}.Release|Any CPU.Build.0 = Release|Any CPU
		{8895C060-5A16-4DCE-8838-F90E2D71A49F}.Release|iPhone.ActiveCfg = Release|Any CPU
		{8895C060-5A16-4DCE-8838-F90E2D71A49F}.Release|iPhoneSimulator.ActiveCfg = Release|Any CPU
		{8895C060-5A16-4DCE-8838-F90E2D71A49F}.Release|Mixed Platforms.ActiveCfg = Release|Any CPU
		{8895C060-5A16-4DCE-8838-F90E2D71A49F}.Release|Mixed Platforms.Build.0 = Release|Any CPU
		{C4BC4107-BC0D-4CE0-8638-766F52F82DE8}.Ad-Hoc|Any CPU.ActiveCfg = Release|Any CPU
		{C4BC4107-BC0D-4CE0-8638-766F52F82DE8}.Ad-Hoc|Any CPU.Build.0 = Release|Any CPU
		{C4BC4107-BC0D-4CE0-8638-766F52F82DE8}.Ad-Hoc|iPhone.ActiveCfg = Release|Any CPU
		{C4BC4107-BC0D-4CE0-8638-766F52F82DE8}.Ad-Hoc|iPhoneSimulator.ActiveCfg = Release|Any CPU
		{C4BC4107-BC0D-4CE0-8638-766F52F82DE8}.Ad-Hoc|Mixed Platforms.ActiveCfg = Release|Any CPU
		{C4BC4107-BC0D-4CE0-8638-766F52F82DE8}.Ad-Hoc|Mixed Platforms.Build.0 = Release|Any CPU
		{C4BC4107-BC0D-4CE0-8638-766F52F82DE8}.AppStore|Any CPU.ActiveCfg = Release|Any CPU
		{C4BC4107-BC0D-4CE0-8638-766F52F82DE8}.AppStore|Any CPU.Build.0 = Release|Any CPU
		{C4BC4107-BC0D-4CE0-8638-766F52F82DE8}.AppStore|iPhone.ActiveCfg = Release|Any CPU
		{C4BC4107-BC0D-4CE0-8638-766F52F82DE8}.AppStore|iPhoneSimulator.ActiveCfg = Release|Any CPU
		{C4BC4107-BC0D-4CE0-8638-766F52F82DE8}.AppStore|Mixed Platforms.ActiveCfg = Release|Any CPU
		{C4BC4107-BC0D-4CE0-8638-766F52F82DE8}.AppStore|Mixed Platforms.Build.0 = Release|Any CPU
		{C4BC4107-BC0D-4CE0-8638-766F52F82DE8}.Debug|Any CPU.ActiveCfg = Debug|Any CPU
		{C4BC4107-BC0D-4CE0-8638-766F52F82DE8}.Debug|Any CPU.Build.0 = Debug|Any CPU
		{C4BC4107-BC0D-4CE0-8638-766F52F82DE8}.Debug|iPhone.ActiveCfg = Debug|Any CPU
		{C4BC4107-BC0D-4CE0-8638-766F52F82DE8}.Debug|iPhoneSimulator.ActiveCfg = Debug|Any CPU
		{C4BC4107-BC0D-4CE0-8638-766F52F82DE8}.Debug|Mixed Platforms.ActiveCfg = Debug|Any CPU
		{C4BC4107-BC0D-4CE0-8638-766F52F82DE8}.Debug|Mixed Platforms.Build.0 = Debug|Any CPU
		{C4BC4107-BC0D-4CE0-8638-766F52F82DE8}.Release|Any CPU.ActiveCfg = Release|Any CPU
		{C4BC4107-BC0D-4CE0-8638-766F52F82DE8}.Release|Any CPU.Build.0 = Release|Any CPU
		{C4BC4107-BC0D-4CE0-8638-766F52F82DE8}.Release|iPhone.ActiveCfg = Release|Any CPU
		{C4BC4107-BC0D-4CE0-8638-766F52F82DE8}.Release|iPhoneSimulator.ActiveCfg = Release|Any CPU
		{C4BC4107-BC0D-4CE0-8638-766F52F82DE8}.Release|Mixed Platforms.ActiveCfg = Release|Any CPU
		{C4BC4107-BC0D-4CE0-8638-766F52F82DE8}.Release|Mixed Platforms.Build.0 = Release|Any CPU
		{5736C03A-5385-4596-A33F-6437DF5F2428}.Ad-Hoc|Any CPU.ActiveCfg = Release|Any CPU
		{5736C03A-5385-4596-A33F-6437DF5F2428}.Ad-Hoc|Any CPU.Build.0 = Release|Any CPU
		{5736C03A-5385-4596-A33F-6437DF5F2428}.Ad-Hoc|iPhone.ActiveCfg = Release|Any CPU
		{5736C03A-5385-4596-A33F-6437DF5F2428}.Ad-Hoc|iPhoneSimulator.ActiveCfg = Release|Any CPU
		{5736C03A-5385-4596-A33F-6437DF5F2428}.Ad-Hoc|Mixed Platforms.ActiveCfg = Release|Any CPU
		{5736C03A-5385-4596-A33F-6437DF5F2428}.Ad-Hoc|Mixed Platforms.Build.0 = Release|Any CPU
		{5736C03A-5385-4596-A33F-6437DF5F2428}.AppStore|Any CPU.ActiveCfg = Release|Any CPU
		{5736C03A-5385-4596-A33F-6437DF5F2428}.AppStore|Any CPU.Build.0 = Release|Any CPU
		{5736C03A-5385-4596-A33F-6437DF5F2428}.AppStore|iPhone.ActiveCfg = Release|Any CPU
		{5736C03A-5385-4596-A33F-6437DF5F2428}.AppStore|iPhoneSimulator.ActiveCfg = Release|Any CPU
		{5736C03A-5385-4596-A33F-6437DF5F2428}.AppStore|Mixed Platforms.ActiveCfg = Release|Any CPU
		{5736C03A-5385-4596-A33F-6437DF5F2428}.AppStore|Mixed Platforms.Build.0 = Release|Any CPU
		{5736C03A-5385-4596-A33F-6437DF5F2428}.Debug|Any CPU.ActiveCfg = Debug|Any CPU
		{5736C03A-5385-4596-A33F-6437DF5F2428}.Debug|Any CPU.Build.0 = Debug|Any CPU
		{5736C03A-5385-4596-A33F-6437DF5F2428}.Debug|iPhone.ActiveCfg = Debug|Any CPU
		{5736C03A-5385-4596-A33F-6437DF5F2428}.Debug|iPhoneSimulator.ActiveCfg = Debug|Any CPU
		{5736C03A-5385-4596-A33F-6437DF5F2428}.Debug|Mixed Platforms.ActiveCfg = Debug|Any CPU
		{5736C03A-5385-4596-A33F-6437DF5F2428}.Debug|Mixed Platforms.Build.0 = Debug|Any CPU
		{5736C03A-5385-4596-A33F-6437DF5F2428}.Release|Any CPU.ActiveCfg = Release|Any CPU
		{5736C03A-5385-4596-A33F-6437DF5F2428}.Release|Any CPU.Build.0 = Release|Any CPU
		{5736C03A-5385-4596-A33F-6437DF5F2428}.Release|iPhone.ActiveCfg = Release|Any CPU
		{5736C03A-5385-4596-A33F-6437DF5F2428}.Release|iPhoneSimulator.ActiveCfg = Release|Any CPU
		{5736C03A-5385-4596-A33F-6437DF5F2428}.Release|Mixed Platforms.ActiveCfg = Release|Any CPU
		{5736C03A-5385-4596-A33F-6437DF5F2428}.Release|Mixed Platforms.Build.0 = Release|Any CPU
		{0213E153-9FCD-4C24-9B44-F41E61D4AB8D}.Ad-Hoc|Any CPU.ActiveCfg = Release|Any CPU
		{0213E153-9FCD-4C24-9B44-F41E61D4AB8D}.Ad-Hoc|Any CPU.Build.0 = Release|Any CPU
		{0213E153-9FCD-4C24-9B44-F41E61D4AB8D}.Ad-Hoc|iPhone.ActiveCfg = Release|Any CPU
		{0213E153-9FCD-4C24-9B44-F41E61D4AB8D}.Ad-Hoc|iPhoneSimulator.ActiveCfg = Release|Any CPU
		{0213E153-9FCD-4C24-9B44-F41E61D4AB8D}.Ad-Hoc|Mixed Platforms.ActiveCfg = Release|Any CPU
		{0213E153-9FCD-4C24-9B44-F41E61D4AB8D}.Ad-Hoc|Mixed Platforms.Build.0 = Release|Any CPU
		{0213E153-9FCD-4C24-9B44-F41E61D4AB8D}.AppStore|Any CPU.ActiveCfg = Release|Any CPU
		{0213E153-9FCD-4C24-9B44-F41E61D4AB8D}.AppStore|Any CPU.Build.0 = Release|Any CPU
		{0213E153-9FCD-4C24-9B44-F41E61D4AB8D}.AppStore|iPhone.ActiveCfg = Release|Any CPU
		{0213E153-9FCD-4C24-9B44-F41E61D4AB8D}.AppStore|iPhoneSimulator.ActiveCfg = Release|Any CPU
		{0213E153-9FCD-4C24-9B44-F41E61D4AB8D}.AppStore|Mixed Platforms.ActiveCfg = Release|Any CPU
		{0213E153-9FCD-4C24-9B44-F41E61D4AB8D}.AppStore|Mixed Platforms.Build.0 = Release|Any CPU
		{0213E153-9FCD-4C24-9B44-F41E61D4AB8D}.Debug|Any CPU.ActiveCfg = Debug|Any CPU
		{0213E153-9FCD-4C24-9B44-F41E61D4AB8D}.Debug|Any CPU.Build.0 = Debug|Any CPU
		{0213E153-9FCD-4C24-9B44-F41E61D4AB8D}.Debug|iPhone.ActiveCfg = Debug|Any CPU
		{0213E153-9FCD-4C24-9B44-F41E61D4AB8D}.Debug|iPhoneSimulator.ActiveCfg = Debug|Any CPU
		{0213E153-9FCD-4C24-9B44-F41E61D4AB8D}.Debug|Mixed Platforms.ActiveCfg = Debug|Any CPU
		{0213E153-9FCD-4C24-9B44-F41E61D4AB8D}.Debug|Mixed Platforms.Build.0 = Debug|Any CPU
		{0213E153-9FCD-4C24-9B44-F41E61D4AB8D}.Release|Any CPU.ActiveCfg = Release|Any CPU
		{0213E153-9FCD-4C24-9B44-F41E61D4AB8D}.Release|Any CPU.Build.0 = Release|Any CPU
		{0213E153-9FCD-4C24-9B44-F41E61D4AB8D}.Release|iPhone.ActiveCfg = Release|Any CPU
		{0213E153-9FCD-4C24-9B44-F41E61D4AB8D}.Release|iPhoneSimulator.ActiveCfg = Release|Any CPU
		{0213E153-9FCD-4C24-9B44-F41E61D4AB8D}.Release|Mixed Platforms.ActiveCfg = Release|Any CPU
		{0213E153-9FCD-4C24-9B44-F41E61D4AB8D}.Release|Mixed Platforms.Build.0 = Release|Any CPU
		{136A26E9-4EB9-4399-9379-E06AD94B537B}.Ad-Hoc|Any CPU.ActiveCfg = Release|Any CPU
		{136A26E9-4EB9-4399-9379-E06AD94B537B}.Ad-Hoc|Any CPU.Build.0 = Release|Any CPU
		{136A26E9-4EB9-4399-9379-E06AD94B537B}.Ad-Hoc|iPhone.ActiveCfg = Release|Any CPU
		{136A26E9-4EB9-4399-9379-E06AD94B537B}.Ad-Hoc|iPhoneSimulator.ActiveCfg = Release|Any CPU
		{136A26E9-4EB9-4399-9379-E06AD94B537B}.Ad-Hoc|Mixed Platforms.ActiveCfg = Release|Any CPU
		{136A26E9-4EB9-4399-9379-E06AD94B537B}.Ad-Hoc|Mixed Platforms.Build.0 = Release|Any CPU
		{136A26E9-4EB9-4399-9379-E06AD94B537B}.AppStore|Any CPU.ActiveCfg = Release|Any CPU
		{136A26E9-4EB9-4399-9379-E06AD94B537B}.AppStore|Any CPU.Build.0 = Release|Any CPU
		{136A26E9-4EB9-4399-9379-E06AD94B537B}.AppStore|iPhone.ActiveCfg = Release|Any CPU
		{136A26E9-4EB9-4399-9379-E06AD94B537B}.AppStore|iPhoneSimulator.ActiveCfg = Release|Any CPU
		{136A26E9-4EB9-4399-9379-E06AD94B537B}.AppStore|Mixed Platforms.ActiveCfg = Release|Any CPU
		{136A26E9-4EB9-4399-9379-E06AD94B537B}.AppStore|Mixed Platforms.Build.0 = Release|Any CPU
		{136A26E9-4EB9-4399-9379-E06AD94B537B}.Debug|Any CPU.ActiveCfg = Debug|Any CPU
		{136A26E9-4EB9-4399-9379-E06AD94B537B}.Debug|Any CPU.Build.0 = Debug|Any CPU
		{136A26E9-4EB9-4399-9379-E06AD94B537B}.Debug|iPhone.ActiveCfg = Debug|Any CPU
		{136A26E9-4EB9-4399-9379-E06AD94B537B}.Debug|iPhoneSimulator.ActiveCfg = Debug|Any CPU
		{136A26E9-4EB9-4399-9379-E06AD94B537B}.Debug|Mixed Platforms.ActiveCfg = Debug|Any CPU
		{136A26E9-4EB9-4399-9379-E06AD94B537B}.Debug|Mixed Platforms.Build.0 = Debug|Any CPU
		{136A26E9-4EB9-4399-9379-E06AD94B537B}.Release|Any CPU.ActiveCfg = Release|Any CPU
		{136A26E9-4EB9-4399-9379-E06AD94B537B}.Release|Any CPU.Build.0 = Release|Any CPU
		{136A26E9-4EB9-4399-9379-E06AD94B537B}.Release|iPhone.ActiveCfg = Release|Any CPU
		{136A26E9-4EB9-4399-9379-E06AD94B537B}.Release|iPhoneSimulator.ActiveCfg = Release|Any CPU
		{136A26E9-4EB9-4399-9379-E06AD94B537B}.Release|Mixed Platforms.ActiveCfg = Release|Any CPU
		{136A26E9-4EB9-4399-9379-E06AD94B537B}.Release|Mixed Platforms.Build.0 = Release|Any CPU
		{9DA04D62-1A9D-4E99-9B48-5DAFEE1B4B22}.Ad-Hoc|Any CPU.ActiveCfg = Release|Any CPU
		{9DA04D62-1A9D-4E99-9B48-5DAFEE1B4B22}.Ad-Hoc|Any CPU.Build.0 = Release|Any CPU
		{9DA04D62-1A9D-4E99-9B48-5DAFEE1B4B22}.Ad-Hoc|iPhone.ActiveCfg = Release|Any CPU
		{9DA04D62-1A9D-4E99-9B48-5DAFEE1B4B22}.Ad-Hoc|iPhoneSimulator.ActiveCfg = Release|Any CPU
		{9DA04D62-1A9D-4E99-9B48-5DAFEE1B4B22}.Ad-Hoc|Mixed Platforms.ActiveCfg = Release|Any CPU
		{9DA04D62-1A9D-4E99-9B48-5DAFEE1B4B22}.Ad-Hoc|Mixed Platforms.Build.0 = Release|Any CPU
		{9DA04D62-1A9D-4E99-9B48-5DAFEE1B4B22}.AppStore|Any CPU.ActiveCfg = Release|Any CPU
		{9DA04D62-1A9D-4E99-9B48-5DAFEE1B4B22}.AppStore|Any CPU.Build.0 = Release|Any CPU
		{9DA04D62-1A9D-4E99-9B48-5DAFEE1B4B22}.AppStore|iPhone.ActiveCfg = Release|Any CPU
		{9DA04D62-1A9D-4E99-9B48-5DAFEE1B4B22}.AppStore|iPhoneSimulator.ActiveCfg = Release|Any CPU
		{9DA04D62-1A9D-4E99-9B48-5DAFEE1B4B22}.AppStore|Mixed Platforms.ActiveCfg = Release|Any CPU
		{9DA04D62-1A9D-4E99-9B48-5DAFEE1B4B22}.AppStore|Mixed Platforms.Build.0 = Release|Any CPU
		{9DA04D62-1A9D-4E99-9B48-5DAFEE1B4B22}.Debug|Any CPU.ActiveCfg = Debug|Any CPU
		{9DA04D62-1A9D-4E99-9B48-5DAFEE1B4B22}.Debug|Any CPU.Build.0 = Debug|Any CPU
		{9DA04D62-1A9D-4E99-9B48-5DAFEE1B4B22}.Debug|iPhone.ActiveCfg = Debug|Any CPU
		{9DA04D62-1A9D-4E99-9B48-5DAFEE1B4B22}.Debug|iPhoneSimulator.ActiveCfg = Debug|Any CPU
		{9DA04D62-1A9D-4E99-9B48-5DAFEE1B4B22}.Debug|Mixed Platforms.ActiveCfg = Debug|Any CPU
		{9DA04D62-1A9D-4E99-9B48-5DAFEE1B4B22}.Debug|Mixed Platforms.Build.0 = Debug|Any CPU
		{9DA04D62-1A9D-4E99-9B48-5DAFEE1B4B22}.Release|Any CPU.ActiveCfg = Release|Any CPU
		{9DA04D62-1A9D-4E99-9B48-5DAFEE1B4B22}.Release|Any CPU.Build.0 = Release|Any CPU
		{9DA04D62-1A9D-4E99-9B48-5DAFEE1B4B22}.Release|iPhone.ActiveCfg = Release|Any CPU
		{9DA04D62-1A9D-4E99-9B48-5DAFEE1B4B22}.Release|iPhoneSimulator.ActiveCfg = Release|Any CPU
		{9DA04D62-1A9D-4E99-9B48-5DAFEE1B4B22}.Release|Mixed Platforms.ActiveCfg = Release|Any CPU
		{9DA04D62-1A9D-4E99-9B48-5DAFEE1B4B22}.Release|Mixed Platforms.Build.0 = Release|Any CPU
	EndGlobalSection
	GlobalSection(SolutionProperties) = preSolution
		HideSolutionNode = FALSE
	EndGlobalSection
EndGlobal
